{
  "name": "nodemon",
  "version": "1.0.0",
  "lockfileVersion": 3,
  "requires": true,
  "packages": {
    "": {
      "name": "nodemon",
      "version": "1.0.0",
      "license": "MIT",
      "dependencies": {
        "hot-shots": "^10.2.1",
        "process-top": "^1.3.0"
      }
    },
    "node_modules/bare-hrtime": {
      "version": "2.0.10",
      "resolved": "https://registry.npmjs.org/bare-hrtime/-/bare-hrtime-2.0.10.tgz",
      "integrity": "sha512-minvIHeR6YIRfxsjgFhk9O//lesw9k5pAeWtZHlA2u3nX1F//TFNoC3lKEDAmMRZSao5PeERZhRaomnCQ7hLQA==",
      "license": "Apache-2.0"
    },
    "node_modules/bare-os": {
      "version": "3.4.0",
      "resolved": "https://registry.npmjs.org/bare-os/-/bare-os-3.4.0.tgz",
      "integrity": "sha512-9Ous7UlnKbe3fMi7Y+qh0DwAup6A1JkYgPnjvMDNOlmnxNRQvQ/7Nst+OnUQKzk0iAT0m9BisbDVp9gCv8+ETA==",
      "license": "Apache-2.0",
      "engines": {
        "bare": ">=1.6.0"
      }
    },
    "node_modules/bindings": {
      "version": "1.5.0",
      "resolved": "https://registry.npmjs.org/bindings/-/bindings-1.5.0.tgz",
      "integrity": "sha512-p2q/t/mhvuOj/UeLlV6566GD/guowlr0hHxClI0W9m7MWYkL1F0hLo+0Aexs9HSPCtR1SXQ0TD3MMKrXZajbiQ==",
      "license": "MIT",
      "optional": true,
      "dependencies": {
        "file-uri-to-path": "1.0.0"
      }
    },
    "node_modules/event-loop-delay": {
      "version": "1.1.0",
      "resolved": "https://registry.npmjs.org/event-loop-delay/-/event-loop-delay-1.1.0.tgz",
      "integrity": "sha512-2kyV9oJBJFXjfiMXZKQ2KADeGTQtCsVzU6bWwMPcT7rXPk6Xa4qIXYHO16bBETGA642u5hdsbnH6v3f61jn4Rw==",
      "license": "MIT",
      "dependencies": {
        "bare-hrtime": "^2.0.9"
      }
    },
    "node_modules/file-uri-to-path": {
      "version": "1.0.0",
      "resolved": "https://registry.npmjs.org/file-uri-to-path/-/file-uri-to-path-1.0.0.tgz",
      "integrity": "sha512-0Zt+s3L7Vf1biwWZ29aARiVYLx7iMGnEUl9x33fbB/j3jR81u/O2LbqK+Bm1CDSNDKVtJ/YjwY7TUd5SkeLQLw==",
      "license": "MIT",
      "optional": true
    },
    "node_modules/hot-shots": {
      "version": "10.2.1",
      "resolved": "https://registry.npmjs.org/hot-shots/-/hot-shots-10.2.1.tgz",
      "integrity": "sha512-tmjcyZkG/qADhcdC7UjAp8D7v7W2DOYFgaZ48fYMuayMQmVVUg8fntKmrjes/b40ef6yZ+qt1lB8kuEDfLC4zw==",
      "license": "MIT",
      "engines": {
        "node": ">=10.0.0"
      },
      "optionalDependencies": {
        "unix-dgram": "2.x"
      }
    },
    "node_modules/nan": {
      "version": "2.22.0",
      "resolved": "https://registry.npmjs.org/nan/-/nan-2.22.0.tgz",
      "integrity": "sha512-nbajikzWTMwsW+eSsNm3QwlOs7het9gGJU5dDZzRTQGk03vyBOauxgI4VakDzE0PtsGTmXPsXTbbjVhRwR5mpw==",
      "license": "MIT",
      "optional": true
    },
    "node_modules/prettier-bytes": {
      "version": "1.0.4",
      "resolved": "https://registry.npmjs.org/prettier-bytes/-/prettier-bytes-1.0.4.tgz",
      "integrity": "sha512-dLbWOa4xBn+qeWeIF60qRoB6Pk2jX5P3DIVgOQyMyvBpu931Q+8dXz8X0snJiFkQdohDDLnZQECjzsAj75hgZQ==",
      "license": "ISC"
    },
    "node_modules/process-top": {
      "version": "1.3.0",
      "resolved": "https://registry.npmjs.org/process-top/-/process-top-1.3.0.tgz",
      "integrity": "sha512-WZ08E4so0R7nL/twE4N0VkZLVWOFbMhfJ8B3vzB21YZK12B7wzTsaQxJxZ0YQJZ+uatXkepYV5lWrNjW30PN+w==",
      "license": "MIT",
      "dependencies": {
        "bare-hrtime": "^2.0.10",
        "bare-os": "^3.1.0",
        "event-loop-delay": "^1.1.0",
        "prettier-bytes": "^1.0.4"
      },
      "bin": {
        "process-top": "bin.js"
      }
    },
    "node_modules/unix-dgram": {
      "version": "2.0.6",
      "resolved": "https://registry.npmjs.org/unix-dgram/-/unix-dgram-2.0.6.tgz",
      "integrity": "sha512-AURroAsb73BZ6CdAyMrTk/hYKNj3DuYYEuOaB8bYMOHGKupRNScw90Q5C71tWJc3uE7dIeXRyuwN0xLLq3vDTg==",
      "hasInstallScript": true,
      "license": "ISC",
      "optional": true,
      "dependencies": {
        "bindings": "^1.5.0",
        "nan": "^2.16.0"
      },
      "engines": {
        "node": ">=0.10.48"
      }
    }
  }
}
